{
  "name": "realend",
  "lockfileVersion": 3,
  "requires": true,
  "packages": {
    "": {
      "dependencies": {
        "yes": "^1.1.1"
      }
    },
    "node_modules/yes": {
      "version": "1.1.1",
      "resolved": "https://registry.npmmirror.com/yes/-/yes-1.1.1.tgz",
      "integrity": "sha512-nCe7lAk6uuTeHBsaxPinzntQWBDGMGzU4IDtj1kRX2IYEkYOZPgDqa6Wt6RkXaab09sIvQDlL3PXlhxjfb/rVA==",
      "bin": {
        "yes": "yes.js"
      }
    }
  }
}
